# THIS IS AN AUTOGENERATED FILE. DO NOT EDIT THIS FILE DIRECTLY.
# yarn lockfile v1


"@types/axios@^0.14.0":
  version "0.14.0"
  resolved "https://registry.yarnpkg.com/@types/axios/-/axios-0.14.0.tgz#ec2300fbe7d7dddd7eb9d3abf87999964cafce46"
  integrity sha1-7CMA++fX3d1+udOr+HmZlkyvzkY=
  dependencies:
    axios "*"

"@types/onoff@^4.1.0":
  version "4.1.0"
  resolved "https://registry.yarnpkg.com/@types/onoff/-/onoff-4.1.0.tgz#7aec860e4af009cd357dab2a7b9426334434d3f7"
  integrity sha512-AvagXfwQ7Ki7IkjjjBqeVC5Hxayb7okpuOYaeFhHWhFUozYKPfAY+WfP6tZnE5ZEHfpOLv7fqm7YjpypIuoIrQ==
  dependencies:
    onoff "*"

asynckit@^0.4.0:
  version "0.4.0"
  resolved "https://registry.yarnpkg.com/asynckit/-/asynckit-0.4.0.tgz#c79ed97f7f34cb8f2ba1bc9790bcc366474b4b79"
  integrity sha1-x57Zf380y48robyXkLzDZkdLS3k=

axios@*, axios@^0.21.2:
  version "0.21.2"
  resolved "https://registry.yarnpkg.com/axios/-/axios-0.21.2.tgz#21297d5084b2aeeb422f5d38e7be4fbb82239017"
  integrity sha512-87otirqUw3e8CzHTMO+/9kh/FSgXt/eVDvipijwDtEuwbkySWZ9SBm6VEubmJ/kLKEoLQV/POhxXFb66bfekfg==
  dependencies:
    follow-redirects "^1.14.0"

bindings@^1.5.0:
  version "1.5.0"
  resolved "https://registry.yarnpkg.com/bindings/-/bindings-1.5.0.tgz#10353c9e945334bc0511a6d90b38fbc7c9c504df"
  integrity sha512-p2q/t/mhvuOj/UeLlV6566GD/guowlr0hHxClI0W9m7MWYkL1F0hLo+0Aexs9HSPCtR1SXQ0TD3MMKrXZajbiQ==
  dependencies:
    file-uri-to-path "1.0.0"

combined-stream@^1.0.8:
  version "1.0.8"
  resolved "https://registry.yarnpkg.com/combined-stream/-/combined-stream-1.0.8.tgz#c3d45a8b34fd730631a110a8a2520682b31d5a7f"
  integrity sha512-FQN4MRfuJeHf7cBbBMJFXhKSDq+2kAArBlmRBvcvFE5BB1HZKXtSFASDhdlz9zOYwxh8lDdnvmMOe/+5cdoEdg==
  dependencies:
    delayed-stream "~1.0.0"

config@^3.3.6:
  version "3.3.6"
  resolved "https://registry.yarnpkg.com/config/-/config-3.3.6.tgz#b87799db7399cc34988f55379b5f43465b1b065c"
  integrity sha512-Hj5916C5HFawjYJat1epbyY2PlAgLpBtDUlr0MxGLgo3p5+7kylyvnRY18PqJHgnNWXcdd0eWDemT7eYWuFgwg==
  dependencies:
    json5 "^2.1.1"

delayed-stream@~1.0.0:
  version "1.0.0"
  resolved "https://registry.yarnpkg.com/delayed-stream/-/delayed-stream-1.0.0.tgz#df3ae199acadfb7d440aaae0b29e2272b24ec619"
  integrity sha1-3zrhmayt+31ECqrgsp4icrJOxhk=

epoll@^4.0.1:
  version "4.0.1"
  resolved "https://registry.yarnpkg.com/epoll/-/epoll-4.0.1.tgz#62b787d29980394798fa7b9a45fbefea518fc732"
  integrity sha512-BgCq0nEsk+XI7y9qjrRtt9uXsyFEdvevvq42xl6t/hKZjxLSDZreD9rTZ0pU40V//c3Zzk2PZGuIsn8YJHSJ4g==
  dependencies:
    bindings "^1.5.0"
    nan "^2.14.2"

file-uri-to-path@1.0.0:
  version "1.0.0"
  resolved "https://registry.yarnpkg.com/file-uri-to-path/-/file-uri-to-path-1.0.0.tgz#553a7b8446ff6f684359c445f1e37a05dacc33dd"
  integrity sha512-0Zt+s3L7Vf1biwWZ29aARiVYLx7iMGnEUl9x33fbB/j3jR81u/O2LbqK+Bm1CDSNDKVtJ/YjwY7TUd5SkeLQLw==

follow-redirects@^1.14.0:
  version "1.14.7"
  resolved "https://registry.yarnpkg.com/follow-redirects/-/follow-redirects-1.14.7.tgz#2004c02eb9436eee9a21446a6477debf17e81685"
  integrity sha512-+hbxoLbFMbRKDwohX8GkTataGqO6Jb7jGwpAlwgy2bIz25XtRm7KEzJM76R1WiNT5SwZkX4Y75SwBolkpmE7iQ==

form-data@^4.0.0:
  version "4.0.0"
  resolved "https://registry.yarnpkg.com/form-data/-/form-data-4.0.0.tgz#93919daeaf361ee529584b9b31664dc12c9fa452"
  integrity sha512-ETEklSGi5t0QMZuiXoA/Q6vcnxcLQP5vdugSpuAyi6SVGi2clPPp+xgEhuMaHC+zGgn31Kd235W35f7Hykkaww==
  dependencies:
    asynckit "^0.4.0"
    combined-stream "^1.0.8"
    mime-types "^2.1.12"

json5@^2.1.1:
  version "2.2.3"
  resolved "https://registry.yarnpkg.com/json5/-/json5-2.2.3.tgz#78cd6f1a19bdc12b73db5ad0c61efd66c1e29283"
  integrity sha512-XmOWe7eyHYH14cLdVPoyg+GOH3rYX++KpzrylJwSW98t3Nk+U8XOl8FWKOgwtzdb8lXGf6zYwDUzeHMWfxasyg==

lodash.debounce@^4.0.8:
  version "4.0.8"
  resolved "https://registry.yarnpkg.com/lodash.debounce/-/lodash.debounce-4.0.8.tgz#82d79bff30a67c4005ffd5e2515300ad9ca4d7af"
  integrity sha1-gteb/zCmfEAF/9XiUVMArZyk168=

mime-db@1.47.0:
  version "1.47.0"
  resolved "https://registry.yarnpkg.com/mime-db/-/mime-db-1.47.0.tgz#8cb313e59965d3c05cfbf898915a267af46a335c"
  integrity sha512-QBmA/G2y+IfeS4oktet3qRZ+P5kPhCKRXxXnQEudYqUaEioAU1/Lq2us3D/t1Jfo4hE9REQPrbB7K5sOczJVIw==

mime-types@^2.1.12:
  version "2.1.30"
  resolved "https://registry.yarnpkg.com/mime-types/-/mime-types-2.1.30.tgz#6e7be8b4c479825f85ed6326695db73f9305d62d"
  integrity sha512-crmjA4bLtR8m9qLpHvgxSChT+XoSlZi8J4n/aIdn3z92e/U47Z0V/yl+Wh9W046GgFVAmoNR/fmdbZYcSSIUeg==
  dependencies:
    mime-db "1.47.0"

nan@^2.14.2:
  version "2.14.2"
  resolved "https://registry.yarnpkg.com/nan/-/nan-2.14.2.tgz#f5376400695168f4cc694ac9393d0c9585eeea19"
  integrity sha512-M2ufzIiINKCuDfBSAUr1vWQ+vuVcA9kqx8JJUsbQi6yf1uGRyb7HfpdfUr5qLXf3B/t8dPvcjhKMmlfnP47EzQ==

onoff@*, onoff@^6.0.1:
  version "6.0.3"
  resolved "https://registry.yarnpkg.com/onoff/-/onoff-6.0.3.tgz#b8e41aec363bebbb3d76e47d74b8ae9cea8d4280"
  integrity sha512-xtVlwRDzswYM69bzzIui/qzu7QHsFnjsQiCV1iYVA/HXt5xdc9utc97SYAlXzK8wAhIN7+H7MaVqh2vpfdKk9A==
  dependencies:
    epoll "^4.0.1"
    lodash.debounce "^4.0.8"

pi-camera-connect@^0.3.4:
  version "0.3.4"
  resolved "https://registry.yarnpkg.com/pi-camera-connect/-/pi-camera-connect-0.3.4.tgz#a7d5e993997f3b63e9f36b25870a6239c63f358a"
  integrity sha512-0mVOJXYY8CvAuswWXs3OnL2+pOczjuLGHca+Q479mbOC+eS6wjMameTA66B0q5KVtTAB6YplS7/Q4rieojGEVg==
